// !$*UTF8*$!
{
	archiveVersion = 1;
	classes = {
	};
	objectVersion = 46;
	objects = {

/* Begin PBXBuildFile section */
		6532E05A1C6886E000AD05B3 /* WindSoundEffectLoop.mp3 in Resources */ = {isa = PBXBuildFile; fileRef = 6532E0581C6886E000AD05B3 /* WindSoundEffectLoop.mp3 */; };
		6532E05E1C688DCD00AD05B3 /* FlappyingWings.mp3 in Resources */ = {isa = PBXBuildFile; fileRef = 6532E05D1C688DCD00AD05B3 /* FlappyingWings.mp3 */; };
		6532E0601C68A1DF00AD05B3 /* dragonDying.mp3 in Resources */ = {isa = PBXBuildFile; fileRef = 6532E05F1C68A1DF00AD05B3 /* dragonDying.mp3 */; };
		65BB34F41C647CBE0014C0BA /* AppDelegate.swift in Sources */ = {isa = PBXBuildFile; fileRef = 65BB34F31C647CBE0014C0BA /* AppDelegate.swift */; };
		65BB34F61C647CBE0014C0BA /* GameScene.sks in Resources */ = {isa = PBXBuildFile; fileRef = 65BB34F51C647CBE0014C0BA /* GameScene.sks */; };
		65BB34F81C647CBE0014C0BA /* GameScene.swift in Sources */ = {isa = PBXBuildFile; fileRef = 65BB34F71C647CBE0014C0BA /* GameScene.swift */; };
		65BB34FA1C647CBE0014C0BA /* GameViewController.swift in Sources */ = {isa = PBXBuildFile; fileRef = 65BB34F91C647CBE0014C0BA /* GameViewController.swift */; };
		65BB34FD1C647CBE0014C0BA /* Main.storyboard in Resources */ = {isa = PBXBuildFile; fileRef = 65BB34FB1C647CBE0014C0BA /* Main.storyboard */; };
		65BB34FF1C647CBE0014C0BA /* Assets.xcassets in Resources */ = {isa = PBXBuildFile; fileRef = 65BB34FE1C647CBE0014C0BA /* Assets.xcassets */; };
		65BB35021C647CBE0014C0BA /* LaunchScreen.storyboard in Resources */ = {isa = PBXBuildFile; fileRef = 65BB35001C647CBE0014C0BA /* LaunchScreen.storyboard */; };
		65BB350D1C647CBF0014C0BA /* FlappyCloneTests.swift in Sources */ = {isa = PBXBuildFile; fileRef = 65BB350C1C647CBF0014C0BA /* FlappyCloneTests.swift */; };
		65BB35181C647CBF0014C0BA /* FlappyCloneUITests.swift in Sources */ = {isa = PBXBuildFile; fileRef = 65BB35171C647CBF0014C0BA /* FlappyCloneUITests.swift */; };
		65BB35281C64DDF80014C0BA /* RandomFunctionGenerator.swift in Sources */ = {isa = PBXBuildFile; fileRef = 65BB35271C64DDF80014C0BA /* RandomFunctionGenerator.swift */; };
/* End PBXBuildFile section */

/* Begin PBXContainerItemProxy section */
		65BB35091C647CBF0014C0BA /* PBXContainerItemProxy */ = {
			isa = PBXContainerItemProxy;
			containerPortal = 65BB34E81C647CBE0014C0BA /* Project object */;
			proxyType = 1;
			remoteGlobalIDString = 65BB34EF1C647CBE0014C0BA;
			remoteInfo = FlappyClone;
		};
		65BB35141C647CBF0014C0BA /* PBXContainerItemProxy */ = {
			isa = PBXContainerItemProxy;
			containerPortal = 65BB34E81C647CBE0014C0BA /* Project object */;
			proxyType = 1;
			remoteGlobalIDString = 65BB34EF1C647CBE0014C0BA;
			remoteInfo = FlappyClone;
		};
/* End PBXContainerItemProxy section */

/* Begin PBXFileReference section */
		6532E0581C6886E000AD05B3 /* WindSoundEffectLoop.mp3 */ = {isa = PBXFileReference; lastKnownFileType = audio.mp3; path = WindSoundEffectLoop.mp3; sourceTree = "<group>"; };
		6532E05D1C688DCD00AD05B3 /* FlappyingWings.mp3 */ = {isa = PBXFileReference; lastKnownFileType = audio.mp3; path = FlappyingWings.mp3; sourceTree = "<group>"; };
		6532E05F1C68A1DF00AD05B3 /* dragonDying.mp3 */ = {isa = PBXFileReference; lastKnownFileType = audio.mp3; path = dragonDying.mp3; sourceTree = "<group>"; };
		65BB34F01C647CBE0014C0BA /* FlappyClone.app */ = {isa = PBXFileReference; explicitFileType = wrapper.application; includeInIndex = 0; path = FlappyClone.app; sourceTree = BUILT_PRODUCTS_DIR; };
		65BB34F31C647CBE0014C0BA /* AppDelegate.swift */ = {isa = PBXFileReference; lastKnownFileType = sourcecode.swift; path = AppDelegate.swift; sourceTree = "<group>"; };
		65BB34F51C647CBE0014C0BA /* GameScene.sks */ = {isa = PBXFileReference; lastKnownFileType = file.sks; path = GameScene.sks; sourceTree = "<group>"; };
		65BB34F71C647CBE0014C0BA /* GameScene.swift */ = {isa = PBXFileReference; lastKnownFileType = sourcecode.swift; path = GameScene.swift; sourceTree = "<group>"; };
		65BB34F91C647CBE0014C0BA /* GameViewController.swift */ = {isa = PBXFileReference; lastKnownFileType = sourcecode.swift; path = GameViewController.swift; sourceTree = "<group>"; };
		65BB34FC1C647CBE0014C0BA /* Base */ = {isa = PBXFileReference; lastKnownFileType = file.storyboard; name = Base; path = Base.lproj/Main.storyboard; sourceTree = "<group>"; };
		65BB34FE1C647CBE0014C0BA /* Assets.xcassets */ = {isa = PBXFileReference; lastKnownFileType = folder.assetcatalog; path = Assets.xcassets; sourceTree = "<group>"; };
		65BB35011C647CBE0014C0BA /* Base */ = {isa = PBXFileReference; lastKnownFileType = file.storyboard; name = Base; path = Base.lproj/LaunchScreen.storyboard; sourceTree = "<group>"; };
		65BB35031C647CBE0014C0BA /* Info.plist */ = {isa = PBXFileReference; lastKnownFileType = text.plist.xml; path = Info.plist; sourceTree = "<group>"; };
		65BB35081C647CBF0014C0BA /* FlappyCloneTests.xctest */ = {isa = PBXFileReference; explicitFileType = wrapper.cfbundle; includeInIndex = 0; path = FlappyCloneTests.xctest; sourceTree = BUILT_PRODUCTS_DIR; };
		65BB350C1C647CBF0014C0BA /* FlappyCloneTests.swift */ = {isa = PBXFileReference; lastKnownFileType = sourcecode.swift; path = FlappyCloneTests.swift; sourceTree = "<group>"; };
		65BB350E1C647CBF0014C0BA /* Info.plist */ = {isa = PBXFileReference; lastKnownFileType = text.plist.xml; path = Info.plist; sourceTree = "<group>"; };
		65BB35131C647CBF0014C0BA /* FlappyCloneUITests.xctest */ = {isa = PBXFileReference; explicitFileType = wrapper.cfbundle; includeInIndex = 0; path = FlappyCloneUITests.xctest; sourceTree = BUILT_PRODUCTS_DIR; };
		65BB35171C647CBF0014C0BA /* FlappyCloneUITests.swift */ = {isa = PBXFileReference; lastKnownFileType = sourcecode.swift; path = FlappyCloneUITests.swift; sourceTree = "<group>"; };
		65BB35191C647CBF0014C0BA /* Info.plist */ = {isa = PBXFileReference; lastKnownFileType = text.plist.xml; path = Info.plist; sourceTree = "<group>"; };
		65BB35271C64DDF80014C0BA /* RandomFunctionGenerator.swift */ = {isa = PBXFileReference; fileEncoding = 4; lastKnownFileType = sourcecode.swift; path = RandomFunctionGenerator.swift; sourceTree = "<group>"; };
/* End PBXFileReference section */

/* Begin PBXFrameworksBuildPhase section */
		65BB34ED1C647CBE0014C0BA /* Frameworks */ = {
			isa = PBXFrameworksBuildPhase;
			buildActionMask = 2147483647;
			files = (
			);
			runOnlyForDeploymentPostprocessing = 0;
		};
		65BB35051C647CBF0014C0BA /* Frameworks */ = {
			isa = PBXFrameworksBuildPhase;
			buildActionMask = 2147483647;
			files = (
			);
			runOnlyForDeploymentPostprocessing = 0;
		};
		65BB35101C647CBF0014C0BA /* Frameworks */ = {
			isa = PBXFrameworksBuildPhase;
			buildActionMask = 2147483647;
			files = (
			);
			runOnlyForDeploymentPostprocessing = 0;
		};
/* End PBXFrameworksBuildPhase section */

/* Begin PBXGroup section */
		65BB34E71C647CBE0014C0BA = {
			isa = PBXGroup;
			children = (
				65BB34F21C647CBE0014C0BA /* FlappyClone */,
				65BB350B1C647CBF0014C0BA /* FlappyCloneTests */,
				65BB35161C647CBF0014C0BA /* FlappyCloneUITests */,
				65BB34F11C647CBE0014C0BA /* Products */,
			);
			sourceTree = "<group>";
		};
		65BB34F11C647CBE0014C0BA /* Products */ = {
			isa = PBXGroup;
			children = (
				65BB34F01C647CBE0014C0BA /* FlappyClone.app */,
				65BB35081C647CBF0014C0BA /* FlappyCloneTests.xctest */,
				65BB35131C647CBF0014C0BA /* FlappyCloneUITests.xctest */,
			);
			name = Products;
			sourceTree = "<group>";
		};
		65BB34F21C647CBE0014C0BA /* FlappyClone */ = {
			isa = PBXGroup;
			children = (
				65BB34F31C647CBE0014C0BA /* AppDelegate.swift */,
				65BB34F51C647CBE0014C0BA /* GameScene.sks */,
				65BB35271C64DDF80014C0BA /* RandomFunctionGenerator.swift */,
				65BB34F71C647CBE0014C0BA /* GameScene.swift */,
				65BB34F91C647CBE0014C0BA /* GameViewController.swift */,
				65BB34FB1C647CBE0014C0BA /* Main.storyboard */,
				65BB34FE1C647CBE0014C0BA /* Assets.xcassets */,
				6532E05F1C68A1DF00AD05B3 /* dragonDying.mp3 */,
				65BB35001C647CBE0014C0BA /* LaunchScreen.storyboard */,
				6532E05D1C688DCD00AD05B3 /* FlappyingWings.mp3 */,
				6532E0581C6886E000AD05B3 /* WindSoundEffectLoop.mp3 */,
				65BB35031C647CBE0014C0BA /* Info.plist */,
			);
			path = FlappyClone;
			sourceTree = "<group>";
		};
		65BB350B1C647CBF0014C0BA /* FlappyCloneTests */ = {
			isa = PBXGroup;
			children = (
				65BB350C1C647CBF0014C0BA /* FlappyCloneTests.swift */,
				65BB350E1C647CBF0014C0BA /* Info.plist */,
			);
			path = FlappyCloneTests;
			sourceTree = "<group>";
		};
		65BB35161C647CBF0014C0BA /* FlappyCloneUITests */ = {
			isa = PBXGroup;
			children = (
				65BB35171C647CBF0014C0BA /* FlappyCloneUITests.swift */,
				65BB35191C647CBF0014C0BA /* Info.plist */,
			);
			path = FlappyCloneUITests;
			sourceTree = "<group>";
		};
/* End PBXGroup section */

/* Begin PBXNativeTarget section */
		65BB34EF1C647CBE0014C0BA /* FlappyClone */ = {
			isa = PBXNativeTarget;
			buildConfigurationList = 65BB351C1C647CBF0014C0BA /* Build configuration list for PBXNativeTarget "FlappyClone" */;
			buildPhases = (
				65BB34EC1C647CBE0014C0BA /* Sources */,
				65BB34ED1C647CBE0014C0BA /* Frameworks */,
				65BB34EE1C647CBE0014C0BA /* Resources */,
			);
			buildRules = (
			);
			dependencies = (
			);
			name = FlappyClone;
			productName = FlappyClone;
			productReference = 65BB34F01C647CBE0014C0BA /* FlappyClone.app */;
			productType = "com.apple.product-type.application";
		};
		65BB35071C647CBF0014C0BA /* FlappyCloneTests */ = {
			isa = PBXNativeTarget;
			buildConfigurationList = 65BB351F1C647CBF0014C0BA /* Build configuration list for PBXNativeTarget "FlappyCloneTests" */;
			buildPhases = (
				65BB35041C647CBF0014C0BA /* Sources */,
				65BB35051C647CBF0014C0BA /* Frameworks */,
				65BB35061C647CBF0014C0BA /* Resources */,
			);
			buildRules = (
			);
			dependencies = (
				65BB350A1C647CBF0014C0BA /* PBXTargetDependency */,
			);
			name = FlappyCloneTests;
			productName = FlappyCloneTests;
			productReference = 65BB35081C647CBF0014C0BA /* FlappyCloneTests.xctest */;
			productType = "com.apple.product-type.bundle.unit-test";
		};
		65BB35121C647CBF0014C0BA /* FlappyCloneUITests */ = {
			isa = PBXNativeTarget;
			buildConfigurationList = 65BB35221C647CBF0014C0BA /* Build configuration list for PBXNativeTarget "FlappyCloneUITests" */;
			buildPhases = (
				65BB350F1C647CBF0014C0BA /* Sources */,
				65BB35101C647CBF0014C0BA /* Frameworks */,
				65BB35111C647CBF0014C0BA /* Resources */,
			);
			buildRules = (
			);
			dependencies = (
				65BB35151C647CBF0014C0BA /* PBXTargetDependency */,
			);
			name = FlappyCloneUITests;
			productName = FlappyCloneUITests;
			productReference = 65BB35131C647CBF0014C0BA /* FlappyCloneUITests.xctest */;
			productType = "com.apple.product-type.bundle.ui-testing";
		};
/* End PBXNativeTarget section */

/* Begin PBXProject section */
		65BB34E81C647CBE0014C0BA /* Project object */ = {
			isa = PBXProject;
			attributes = {
				LastSwiftUpdateCheck = 0720;
				LastUpgradeCheck = 0720;
				ORGANIZATIONNAME = "Lin Wei";
				TargetAttributes = {
					65BB34EF1C647CBE0014C0BA = {
						CreatedOnToolsVersion = 7.2;
					};
					65BB35071C647CBF0014C0BA = {
						CreatedOnToolsVersion = 7.2;
						TestTargetID = 65BB34EF1C647CBE0014C0BA;
					};
					65BB35121C647CBF0014C0BA = {
						CreatedOnToolsVersion = 7.2;
						TestTargetID = 65BB34EF1C647CBE0014C0BA;
					};
				};
			};
			buildConfigurationList = 65BB34EB1C647CBE0014C0BA /* Build configuration list for PBXProject "FlappyClone" */;
			compatibilityVersion = "Xcode 3.2";
			developmentRegion = English;
			hasScannedForEncodings = 0;
			knownRegions = (
				en,
				Base,
			);
			mainGroup = 65BB34E71C647CBE0014C0BA;
			productRefGroup = 65BB34F11C647CBE0014C0BA /* Products */;
			projectDirPath = "";
			projectRoot = "";
			targets = (
				65BB34EF1C647CBE0014C0BA /* FlappyClone */,
				65BB35071C647CBF0014C0BA /* FlappyCloneTests */,
				65BB35121C647CBF0014C0BA /* FlappyCloneUITests */,
			);
		};
/* End PBXProject section */

/* Begin PBXResourcesBuildPhase section */
		65BB34EE1C647CBE0014C0BA /* Resources */ = {
			isa = PBXResourcesBuildPhase;
			buildActionMask = 2147483647;
			files = (
				65BB34F61C647CBE0014C0BA /* GameScene.sks in Resources */,
				65BB35021C647CBE0014C0BA /* LaunchScreen.storyboard in Resources */,
				6532E0601C68A1DF00AD05B3 /* dragonDying.mp3 in Resources */,
				65BB34FF1C647CBE0014C0BA /* Assets.xcassets in Resources */,
				65BB34FD1C647CBE0014C0BA /* Main.storyboard in Resources */,
				6532E05E1C688DCD00AD05B3 /* FlappyingWings.mp3 in Resources */,
				6532E05A1C6886E000AD05B3 /* WindSoundEffectLoop.mp3 in Resources */,
			);
			runOnlyForDeploymentPostprocessing = 0;
		};
		65BB35061C647CBF0014C0BA /* Resources */ = {
			isa = PBXResourcesBuildPhase;
			buildActionMask = 2147483647;
			files = (
			);
			runOnlyForDeploymentPostprocessing = 0;
		};
		65BB35111C647CBF0014C0BA /* Resources */ = {
			isa = PBXResourcesBuildPhase;
			buildActionMask = 2147483647;
			files = (
			);
			runOnlyForDeploymentPostprocessing = 0;
		};
/* End PBXResourcesBuildPhase section */

/* Begin PBXSourcesBuildPhase section */
		65BB34EC1C647CBE0014C0BA /* Sources */ = {
			isa = PBXSourcesBuildPhase;
			buildActionMask = 2147483647;
			files = (
				65BB34F81C647CBE0014C0BA /* GameScene.swift in Sources */,
				65BB34FA1C647CBE0014C0BA /* GameViewController.swift in Sources */,
				65BB35281C64DDF80014C0BA /* RandomFunctionGenerator.swift in Sources */,
				65BB34F41C647CBE0014C0BA /* AppDelegate.swift in Sources */,
			);
			runOnlyForDeploymentPostprocessing = 0;
		};
		65BB35041C647CBF0014C0BA /* Sources */ = {
			isa = PBXSourcesBuildPhase;
			buildActionMask = 2147483647;
			files = (
				65BB350D1C647CBF0014C0BA /* FlappyCloneTests.swift in Sources */,
			);
			runOnlyForDeploymentPostprocessing = 0;
		};
		65BB350F1C647CBF0014C0BA /* Sources */ = {
			isa = PBXSourcesBuildPhase;
			buildActionMask = 2147483647;
			files = (
				65BB35181C647CBF0014C0BA /* FlappyCloneUITests.swift in Sources */,
			);
			runOnlyForDeploymentPostprocessing = 0;
		};
/* End PBXSourcesBuildPhase section */

/* Begin PBXTargetDependency section */
		65BB350A1C647CBF0014C0BA /* PBXTargetDependency */ = {
			isa = PBXTargetDependency;
			target = 65BB34EF1C647CBE0014C0BA /* FlappyClone */;
			targetProxy = 65BB35091C647CBF0014C0BA /* PBXContainerItemProxy */;
		};
		65BB35151C647CBF0014C0BA /* PBXTargetDependency */ = {
			isa = PBXTargetDependency;
			target = 65BB34EF1C647CBE0014C0BA /* FlappyClone */;
			targetProxy = 65BB35141C647CBF0014C0BA /* PBXContainerItemProxy */;
		};
/* End PBXTargetDependency section */

/* Begin PBXVariantGroup section */
		65BB34FB1C647CBE0014C0BA /* Main.storyboard */ = {
			isa = PBXVariantGroup;
			children = (
				65BB34FC1C647CBE0014C0BA /* Base */,
			);
			name = Main.storyboard;
			sourceTree = "<group>";
		};
		65BB35001C647CBE0014C0BA /* LaunchScreen.storyboard */ = {
			isa = PBXVariantGroup;
			children = (
				65BB35011C647CBE0014C0BA /* Base */,
			);
			name = LaunchScreen.storyboard;
			sourceTree = "<group>";
		};
/* End PBXVariantGroup section */

/* Begin XCBuildConfiguration section */
		65BB351A1C647CBF0014C0BA /* Debug */ = {
			isa = XCBuildConfiguration;
			buildSettings = {
				ALWAYS_SEARCH_USER_PATHS = NO;
				CLANG_CXX_LANGUAGE_STANDARD = "gnu++0x";
				CLANG_CXX_LIBRARY = "libc++";
				CLANG_ENABLE_MODULES = YES;
				CLANG_ENABLE_OBJC_ARC = YES;
				CLANG_WARN_BOOL_CONVERSION = YES;
				CLANG_WARN_CONSTANT_CONVERSION = YES;
				CLANG_WARN_DIRECT_OBJC_ISA_USAGE = YES_ERROR;
				CLANG_WARN_EMPTY_BODY = YES;
				CLANG_WARN_ENUM_CONVERSION = YES;
				CLANG_WARN_INT_CONVERSION = YES;
				CLANG_WARN_OBJC_ROOT_CLASS = YES_ERROR;
				CLANG_WARN_UNREACHABLE_CODE = YES;
				CLANG_WARN__DUPLICATE_METHOD_MATCH = YES;
				"CODE_SIGN_IDENTITY[sdk=iphoneos*]" = "iPhone Developer";
				COPY_PHASE_STRIP = NO;
				DEBUG_INFORMATION_FORMAT = "dwarf-with-dsym";
				ENABLE_STRICT_OBJC_MSGSEND = YES;
				ENABLE_TESTABILITY = YES;
				GCC_C_LANGUAGE_STANDARD = gnu99;
				GCC_DYNAMIC_NO_PIC = NO;
				GCC_NO_COMMON_BLOCKS = YES;
				GCC_OPTIMIZATION_LEVEL = 0;
				GCC_PREPROCESSOR_DEFINITIONS = (
					"DEBUG=1",
					"$(inherited)",
				);
				GCC_WARN_64_TO_32_BIT_CONVERSION = YES;
				GCC_WARN_ABOUT_RETURN_TYPE = YES_ERROR;
				GCC_WARN_UNDECLARED_SELECTOR = YES;
				GCC_WARN_UNINITIALIZED_AUTOS = YES_AGGRESSIVE;
				GCC_WARN_UNUSED_FUNCTION = YES;
				GCC_WARN_UNUSED_VARIABLE = YES;
				IPHONEOS_DEPLOYMENT_TARGET = 9.2;
				MTL_ENABLE_DEBUG_INFO = YES;
				ONLY_ACTIVE_ARCH = YES;
				SDKROOT = iphoneos;
				SWIFT_OPTIMIZATION_LEVEL = "-Onone";
				TARGETED_DEVICE_FAMILY = "1,2";
			};
			name = Debug;
		};
		65BB351B1C647CBF0014C0BA /* Release */ = {
			isa = XCBuildConfiguration;
			buildSettings = {
				ALWAYS_SEARCH_USER_PATHS = NO;
				CLANG_CXX_LANGUAGE_STANDARD = "gnu++0x";
				CLANG_CXX_LIBRARY = "libc++";
				CLANG_ENABLE_MODULES = YES;
				CLANG_ENABLE_OBJC_ARC = YES;
				CLANG_WARN_BOOL_CONVERSION = YES;
				CLANG_WARN_CONSTANT_CONVERSION = YES;
				CLANG_WARN_DIRECT_OBJC_ISA_USAGE = YES_ERROR;
				CLANG_WARN_EMPTY_BODY = YES;
				CLANG_WARN_ENUM_CONVERSION = YES;
				CLANG_WARN_INT_CONVERSION = YES;
				CLANG_WARN_OBJC_ROOT_CLASS = YES_ERROR;
				CLANG_WARN_UNREACHABLE_CODE = YES;
				CLANG_WARN__DUPLICATE_METHOD_MATCH = YES;
				"CODE_SIGN_IDENTITY[sdk=iphoneos*]" = "iPhone Developer";
				COPY_PHASE_STRIP = NO;
				DEBUG_INFORMATION_FORMAT = "dwarf-with-dsym";
				ENABLE_NS_ASSERTIONS = NO;
				ENABLE_STRICT_OBJC_MSGSEND = YES;
				GCC_C_LANGUAGE_STANDARD = gnu99;
				GCC_NO_COMMON_BLOCKS = YES;
				GCC_WARN_64_TO_32_BIT_CONVERSION = YES;
				GCC_WARN_ABOUT_RETURN_TYPE = YES_ERROR;
				GCC_WARN_UNDECLARED_SELECTOR = YES;
				GCC_WARN_UNINITIALIZED_AUTOS = YES_AGGRESSIVE;
				GCC_WARN_UNUSED_FUNCTION = YES;
				GCC_WARN_UNUSED_VARIABLE = YES;
				IPHONEOS_DEPLOYMENT_TARGET = 9.2;
				MTL_ENABLE_DEBUG_INFO = NO;
				SDKROOT = iphoneos;
				TARGETED_DEVICE_FAMILY = "1,2";
				VALIDATE_PRODUCT = YES;
			};
			name = Release;
		};
		65BB351D1C647CBF0014C0BA /* Debug */ = {
			isa = XCBuildConfiguration;
			buildSettings = {
				ASSETCATALOG_COMPILER_APPICON_NAME = AppIcon;
				INFOPLIST_FILE = FlappyClone/Info.plist;
				LD_RUNPATH_SEARCH_PATHS = "$(inherited) @executable_path/Frameworks";
				PRODUCT_BUNDLE_IDENTIFIER = company.FlappyClone;
				PRODUCT_NAME = "$(TARGET_NAME)";
			};
			name = Debug;
		};
		65BB351E1C647CBF0014C0BA /* Release */ = {
			isa = XCBuildConfiguration;
			buildSettings = {
				ASSETCATALOG_COMPILER_APPICON_NAME = AppIcon;
				INFOPLIST_FILE = FlappyClone/Info.plist;
				LD_RUNPATH_SEARCH_PATHS = "$(inherited) @executable_path/Frameworks";
				PRODUCT_BUNDLE_IDENTIFIER = company.FlappyClone;
				PRODUCT_NAME = "$(TARGET_NAME)";
			};
			name = Release;
		};
		65BB35201C647CBF0014C0BA /* Debug */ = {
			isa = XCBuildConfiguration;
			buildSettings = {
				BUNDLE_LOADER = "$(TEST_HOST)";
				DEBUG_INFORMATION_FORMAT = dwarf;
				INFOPLIST_FILE = FlappyCloneTests/Info.plist;
				LD_RUNPATH_SEARCH_PATHS = "$(inherited) @executable_path/Frameworks @loader_path/Frameworks";
				PRODUCT_BUNDLE_IDENTIFIER = company.FlappyCloneTests;
				PRODUCT_NAME = "$(TARGET_NAME)";
				TEST_HOST = "$(BUILT_PRODUCTS_DIR)/FlappyClone.app/FlappyClone";
			};
			name = Debug;
		};
		65BB35211C647CBF0014C0BA /* Release */ = {
			isa = XCBuildConfiguration;
			buildSettings = {
				BUNDLE_LOADER = "$(TEST_HOST)";
				INFOPLIST_FILE = FlappyCloneTests/Info.plist;
				LD_RUNPATH_SEARCH_PATHS = "$(inherited) @executable_path/Frameworks @loader_path/Frameworks";
				PRODUCT_BUNDLE_IDENTIFIER = company.FlappyCloneTests;
				PRODUCT_NAME = "$(TARGET_NAME)";
				TEST_HOST = "$(BUILT_PRODUCTS_DIR)/FlappyClone.app/FlappyClone";
			};
			name = Release;
		};
		65BB35231C647CBF0014C0BA /* Debug */ = {
			isa = XCBuildConfiguration;
			buildSettings = {
				DEBUG_INFORMATION_FORMAT = dwarf;
				INFOPLIST_FILE = FlappyCloneUITests/Info.plist;
				LD_RUNPATH_SEARCH_PATHS = "$(inherited) @executable_path/Frameworks @loader_path/Frameworks";
				PRODUCT_BUNDLE_IDENTIFIER = company.FlappyCloneUITests;
				PRODUCT_NAME = "$(TARGET_NAME)";
				TEST_TARGET_NAME = FlappyClone;
				USES_XCTRUNNER = YES;
			};
			name = Debug;
		};
		65BB35241C647CBF0014C0BA /* Release */ = {
			isa = XCBuildConfiguration;
			buildSettings = {
				INFOPLIST_FILE = FlappyCloneUITests/Info.plist;
				LD_RUNPATH_SEARCH_PATHS = "$(inherited) @executable_path/Frameworks @loader_path/Frameworks";
				PRODUCT_BUNDLE_IDENTIFIER = company.FlappyCloneUITests;
				PRODUCT_NAME = "$(TARGET_NAME)";
				TEST_TARGET_NAME = FlappyClone;
				USES_XCTRUNNER = YES;
			};
			name = Release;
		};
/* End XCBuildConfiguration section */

/* Begin XCConfigurationList section */
		65BB34EB1C647CBE0014C0BA /* Build configuration list for PBXProject "FlappyClone" */ = {
			isa = XCConfigurationList;
			buildConfigurations = (
				65BB351A1C647CBF0014C0BA /* Debug */,
				65BB351B1C647CBF0014C0BA /* Release */,
			);
			defaultConfigurationIsVisible = 0;
			defaultConfigurationName = Release;
		};
		65BB351C1C647CBF0014C0BA /* Build configuration list for PBXNativeTarget "FlappyClone" */ = {
			isa = XCConfigurationList;
			buildConfigurations = (
				65BB351D1C647CBF0014C0BA /* Debug */,
				65BB351E1C647CBF0014C0BA /* Release */,
			);
			defaultConfigurationIsVisible = 0;
			defaultConfigurationName = Release;
		};
		65BB351F1C647CBF0014C0BA /* Build configuration list for PBXNativeTarget "FlappyCloneTests" */ = {
			isa = XCConfigurationList;
			buildConfigurations = (
				65BB35201C647CBF0014C0BA /* Debug */,
				65BB35211C647CBF0014C0BA /* Release */,
			);
			defaultConfigurationIsVisible = 0;
			defaultConfigurationName = Release;
		};
		65BB35221C647CBF0014C0BA /* Build configuration list for PBXNativeTarget "FlappyCloneUITests" */ = {
			isa = XCConfigurationList;
			buildConfigurations = (
				65BB35231C647CBF0014C0BA /* Debug */,
				65BB35241C647CBF0014C0BA /* Release */,
			);
			defaultConfigurationIsVisible = 0;
			defaultConfigurationName = Release;
		};
/* End XCConfigurationList section */
	};
	rootObject = 65BB34E81C647CBE0014C0BA /* Project object */;
}
